
Microsoft Visual Studio Solution File, Format Version 12.00
Project("{FAE04EC0-301F-11D3-BF4B-00C04F79EFBC}") = "Gateway.API", "Gateway.API\Gateway.API.csproj", "{8251FA19-E6A0-4A71-88D2-BE08B637D280}"
EndProject
Global
	GlobalSection(SolutionConfigurationPlatforms) = preSolution
		Debug|Any CPU = Debug|Any CPU
		Release|Any CPU = Release|Any CPU
	EndGlobalSection
	GlobalSection(ProjectConfigurationPlatforms) = postSolution
		{8251FA19-E6A0-4A71-88D2-BE08B637D280}.Debug|Any CPU.ActiveCfg = Debug|Any CPU
		{8251FA19-E6A0-4A71-88D2-BE08B637D280}.Debug|Any CPU.Build.0 = Debug|Any CPU
		{8251FA19-E6A0-4A71-88D2-BE08B637D280}.Release|Any CPU.ActiveCfg = Release|Any CPU
		{8251FA19-E6A0-4A71-88D2-BE08B637D280}.Release|Any CPU.Build.0 = Release|Any CPU
	EndGlobalSection
EndGlobal
